# This file is automatically generated by cargo-component.
# It is not intended for manual editing.
version = 1

[[package]]
name = "axoloto210:glitch-art"

[[package.version]]
requirement = "^0.1.0"
version = "0.1.0"
digest = "sha256:8e5b2a74f0f26cbfc9e3bf6a2b220f7b5bbaa2ca9c12609dd937505d9f1a8aea"
